
Microsoft Visual Studio Solution File, Format Version 12.00
# Visual Studio Version 16
VisualStudioVersion = 16.0.30011.22
MinimumVisualStudioVersion = 10.0.40219.1
Project("{FAE04EC0-301F-11D3-BF4B-00C04F79EFBC}") = "RandNumApp", "RandNumApp\RandNumApp.csproj", "{A809EC15-FEF5-4721-91DC-72355DD3E3AB}"
EndProject
Global
	GlobalSection(SolutionConfigurationPlatforms) = preSolution
		Debug|Any CPU = Debug|Any CPU
		Release|Any CPU = Release|Any CPU
	EndGlobalSection
	GlobalSection(ProjectConfigurationPlatforms) = postSolution
		{A809EC15-FEF5-4721-91DC-72355DD3E3AB}.Debug|Any CPU.ActiveCfg = Debug|Any CPU
		{A809EC15-FEF5-4721-91DC-72355DD3E3AB}.Debug|Any CPU.Build.0 = Debug|Any CPU
		{A809EC15-FEF5-4721-91DC-72355DD3E3AB}.Release|Any CPU.ActiveCfg = Release|Any CPU
		{A809EC15-FEF5-4721-91DC-72355DD3E3AB}.Release|Any CPU.Build.0 = Release|Any CPU
	EndGlobalSection
	GlobalSection(SolutionProperties) = preSolution
		HideSolutionNode = FALSE
	EndGlobalSection
	GlobalSection(ExtensibilityGlobals) = postSolution
		SolutionGuid = {E24AA02B-48CA-4D57-A32B-49E556EDCBBE}
	EndGlobalSection
EndGlobal
